// !$*UTF8*$!
{
	archiveVersion = 1;
	classes = {
	};
	objectVersion = 46;
	objects = {

/* Begin PBXBuildFile section */
		84C22C231A413E79007073E8 /* main.m in Sources */ = {isa = PBXBuildFile; fileRef = 84C22C221A413E79007073E8 /* main.m */; };
		84C22C261A413E79007073E8 /* AppDelegate.m in Sources */ = {isa = PBXBuildFile; fileRef = 84C22C251A413E79007073E8 /* AppDelegate.m */; };
		84C22C291A413E79007073E8 /* ViewController.m in Sources */ = {isa = PBXBuildFile; fileRef = 84C22C281A413E79007073E8 /* ViewController.m */; };
		84C22C2C1A413E79007073E8 /* Main.storyboard in Resources */ = {isa = PBXBuildFile; fileRef = 84C22C2A1A413E79007073E8 /* Main.storyboard */; };
		84C22C2E1A413E79007073E8 /* Images.xcassets in Resources */ = {isa = PBXBuildFile; fileRef = 84C22C2D1A413E79007073E8 /* Images.xcassets */; };
		84C22C311A413E79007073E8 /* LaunchScreen.xib in Resources */ = {isa = PBXBuildFile; fileRef = 84C22C2F1A413E79007073E8 /* LaunchScreen.xib */; };
		84C22C3D1A413E79007073E8 /* LocationAssignmentTests.m in Sources */ = {isa = PBXBuildFile; fileRef = 84C22C3C1A413E79007073E8 /* LocationAssignmentTests.m */; };
		84C22C481A417261007073E8 /* CLLocation+Strings.m in Sources */ = {isa = PBXBuildFile; fileRef = 84C22C471A417261007073E8 /* CLLocation+Strings.m */; };
		84C22C4A1A4182A6007073E8 /* Localizable.strings in Resources */ = {isa = PBXBuildFile; fileRef = 84C22C491A4182A6007073E8 /* Localizable.strings */; };
		84C22C4C1A41857E007073E8 /* ReadMe.md in Sources */ = {isa = PBXBuildFile; fileRef = 84C22C4B1A41857E007073E8 /* ReadMe.md */; };
		84CA55311A5296630083A4C1 /* cal.license in Resources */ = {isa = PBXBuildFile; fileRef = 84CA552B1A5296630083A4C1 /* cal.license */; };
		84CA55321A5296630083A4C1 /* genLicense.pl in Resources */ = {isa = PBXBuildFile; fileRef = 84CA552C1A5296630083A4C1 /* genLicense.pl */; };
		84CA55351A5296630083A4C1 /* Settings.bundle in Resources */ = {isa = PBXBuildFile; fileRef = 84CA552F1A5296630083A4C1 /* Settings.bundle */; };
		84F459FC1A512B4D00DEE636 /* StorageManager.m in Sources */ = {isa = PBXBuildFile; fileRef = 84F459FB1A512B4D00DEE636 /* StorageManager.m */; };
		84FA32521A49F7FB001E5862 /* WebserviceOperation.m in Sources */ = {isa = PBXBuildFile; fileRef = 84FA32511A49F7FB001E5862 /* WebserviceOperation.m */; };
		84FA32541A49FB0D001E5862 /* CoreLocation.framework in Frameworks */ = {isa = PBXBuildFile; fileRef = 84FA32531A49FB0D001E5862 /* CoreLocation.framework */; };
		84FA32711A49FD35001E5862 /* NSAlert+MKNetworkKitAdditions.m in Sources */ = {isa = PBXBuildFile; fileRef = 84FA325C1A49FD35001E5862 /* NSAlert+MKNetworkKitAdditions.m */; };
		84FA32721A49FD35001E5862 /* NSData+MKBase64.m in Sources */ = {isa = PBXBuildFile; fileRef = 84FA325E1A49FD35001E5862 /* NSData+MKBase64.m */; };
		84FA32731A49FD35001E5862 /* NSDate+RFC1123.m in Sources */ = {isa = PBXBuildFile; fileRef = 84FA32601A49FD35001E5862 /* NSDate+RFC1123.m */; };
		84FA32741A49FD35001E5862 /* NSDictionary+RequestEncoding.m in Sources */ = {isa = PBXBuildFile; fileRef = 84FA32621A49FD35001E5862 /* NSDictionary+RequestEncoding.m */; };
		84FA32751A49FD35001E5862 /* NSString+MKNetworkKitAdditions.m in Sources */ = {isa = PBXBuildFile; fileRef = 84FA32641A49FD35001E5862 /* NSString+MKNetworkKitAdditions.m */; };
		84FA32761A49FD35001E5862 /* UIAlertView+MKNetworkKitAdditions.m in Sources */ = {isa = PBXBuildFile; fileRef = 84FA32661A49FD35001E5862 /* UIAlertView+MKNetworkKitAdditions.m */; };
		84FA32771A49FD35001E5862 /* UIImageView+MKNetworkKitAdditions.m in Sources */ = {isa = PBXBuildFile; fileRef = 84FA32681A49FD35001E5862 /* UIImageView+MKNetworkKitAdditions.m */; };
		84FA32781A49FD35001E5862 /* MKNetworkEngine.m in Sources */ = {isa = PBXBuildFile; fileRef = 84FA326A1A49FD35001E5862 /* MKNetworkEngine.m */; };
		84FA32791A49FD35001E5862 /* MKNetworkOperation.m in Sources */ = {isa = PBXBuildFile; fileRef = 84FA326D1A49FD35001E5862 /* MKNetworkOperation.m */; };
		84FA327A1A49FD35001E5862 /* Reachability.m in Sources */ = {isa = PBXBuildFile; fileRef = 84FA32701A49FD35001E5862 /* Reachability.m */; };
/* End PBXBuildFile section */

/* Begin PBXContainerItemProxy section */
		84C22C371A413E79007073E8 /* PBXContainerItemProxy */ = {
			isa = PBXContainerItemProxy;
			containerPortal = 84C22C151A413E79007073E8 /* Project object */;
			proxyType = 1;
			remoteGlobalIDString = 84C22C1C1A413E79007073E8;
			remoteInfo = LocationAssignment;
		};
/* End PBXContainerItemProxy section */

/* Begin PBXFileReference section */
		84C22C1D1A413E79007073E8 /* LocationAssignment.app */ = {isa = PBXFileReference; explicitFileType = wrapper.application; includeInIndex = 0; path = LocationAssignment.app; sourceTree = BUILT_PRODUCTS_DIR; };
		84C22C211A413E79007073E8 /* Info.plist */ = {isa = PBXFileReference; lastKnownFileType = text.plist.xml; path = Info.plist; sourceTree = "<group>"; };
		84C22C221A413E79007073E8 /* main.m */ = {isa = PBXFileReference; lastKnownFileType = sourcecode.c.objc; path = main.m; sourceTree = "<group>"; };
		84C22C241A413E79007073E8 /* AppDelegate.h */ = {isa = PBXFileReference; lastKnownFileType = sourcecode.c.h; path = AppDelegate.h; sourceTree = "<group>"; };
		84C22C251A413E79007073E8 /* AppDelegate.m */ = {isa = PBXFileReference; lastKnownFileType = sourcecode.c.objc; path = AppDelegate.m; sourceTree = "<group>"; };
		84C22C271A413E79007073E8 /* ViewController.h */ = {isa = PBXFileReference; lastKnownFileType = sourcecode.c.h; path = ViewController.h; sourceTree = "<group>"; };
		84C22C281A413E79007073E8 /* ViewController.m */ = {isa = PBXFileReference; lastKnownFileType = sourcecode.c.objc; path = ViewController.m; sourceTree = "<group>"; };
		84C22C2B1A413E79007073E8 /* Base */ = {isa = PBXFileReference; lastKnownFileType = file.storyboard; name = Base; path = Base.lproj/Main.storyboard; sourceTree = "<group>"; };
		84C22C2D1A413E79007073E8 /* Images.xcassets */ = {isa = PBXFileReference; lastKnownFileType = folder.assetcatalog; path = Images.xcassets; sourceTree = "<group>"; };
		84C22C301A413E79007073E8 /* Base */ = {isa = PBXFileReference; lastKnownFileType = file.xib; name = Base; path = Base.lproj/LaunchScreen.xib; sourceTree = "<group>"; };
		84C22C361A413E79007073E8 /* LocationAssignmentTests.xctest */ = {isa = PBXFileReference; explicitFileType = wrapper.cfbundle; includeInIndex = 0; path = LocationAssignmentTests.xctest; sourceTree = BUILT_PRODUCTS_DIR; };
		84C22C3B1A413E79007073E8 /* Info.plist */ = {isa = PBXFileReference; lastKnownFileType = text.plist.xml; path = Info.plist; sourceTree = "<group>"; };
		84C22C3C1A413E79007073E8 /* LocationAssignmentTests.m */ = {isa = PBXFileReference; lastKnownFileType = sourcecode.c.objc; path = LocationAssignmentTests.m; sourceTree = "<group>"; };
		84C22C461A417261007073E8 /* CLLocation+Strings.h */ = {isa = PBXFileReference; fileEncoding = 4; lastKnownFileType = sourcecode.c.h; path = "CLLocation+Strings.h"; sourceTree = "<group>"; };
		84C22C471A417261007073E8 /* CLLocation+Strings.m */ = {isa = PBXFileReference; fileEncoding = 4; lastKnownFileType = sourcecode.c.objc; path = "CLLocation+Strings.m"; sourceTree = "<group>"; };
		84C22C491A4182A6007073E8 /* Localizable.strings */ = {isa = PBXFileReference; fileEncoding = 4; lastKnownFileType = text.plist.strings; path = Localizable.strings; sourceTree = "<group>"; };
		84C22C4B1A41857E007073E8 /* ReadMe.md */ = {isa = PBXFileReference; fileEncoding = 4; lastKnownFileType = net.daringfireball.markdown; path = ReadMe.md; sourceTree = "<group>"; };
		84CA552B1A5296630083A4C1 /* cal.license */ = {isa = PBXFileReference; fileEncoding = 4; lastKnownFileType = text; path = cal.license; sourceTree = "<group>"; };
		84CA552C1A5296630083A4C1 /* genLicense.pl */ = {isa = PBXFileReference; fileEncoding = 4; lastKnownFileType = text.script.perl; path = genLicense.pl; sourceTree = "<group>"; };
		84CA552F1A5296630083A4C1 /* Settings.bundle */ = {isa = PBXFileReference; lastKnownFileType = "wrapper.plug-in"; name = Settings.bundle; path = ../Settings.bundle; sourceTree = "<group>"; };
		84F459FA1A512B4D00DEE636 /* StorageManager.h */ = {isa = PBXFileReference; fileEncoding = 4; lastKnownFileType = sourcecode.c.h; path = StorageManager.h; sourceTree = "<group>"; };
		84F459FB1A512B4D00DEE636 /* StorageManager.m */ = {isa = PBXFileReference; fileEncoding = 4; lastKnownFileType = sourcecode.c.objc; path = StorageManager.m; sourceTree = "<group>"; };
		84F459FD1A512BC200DEE636 /* Constants.h */ = {isa = PBXFileReference; lastKnownFileType = sourcecode.c.h; name = Constants.h; path = ../Constants.h; sourceTree = "<group>"; };
		84FA32501A49F7FB001E5862 /* WebserviceOperation.h */ = {isa = PBXFileReference; fileEncoding = 4; lastKnownFileType = sourcecode.c.h; path = WebserviceOperation.h; sourceTree = "<group>"; };
		84FA32511A49F7FB001E5862 /* WebserviceOperation.m */ = {isa = PBXFileReference; fileEncoding = 4; lastKnownFileType = sourcecode.c.objc; path = WebserviceOperation.m; sourceTree = "<group>"; };
		84FA32531A49FB0D001E5862 /* CoreLocation.framework */ = {isa = PBXFileReference; lastKnownFileType = wrapper.framework; name = CoreLocation.framework; path = System/Library/Frameworks/CoreLocation.framework; sourceTree = SDKROOT; };
		84FA32551A49FBEC001E5862 /* Prefix.pch */ = {isa = PBXFileReference; lastKnownFileType = sourcecode.c.h; path = Prefix.pch; sourceTree = "<group>"; };
		84FA325B1A49FD35001E5862 /* NSAlert+MKNetworkKitAdditions.h */ = {isa = PBXFileReference; fileEncoding = 4; lastKnownFileType = sourcecode.c.h; path = "NSAlert+MKNetworkKitAdditions.h"; sourceTree = "<group>"; };
		84FA325C1A49FD35001E5862 /* NSAlert+MKNetworkKitAdditions.m */ = {isa = PBXFileReference; fileEncoding = 4; lastKnownFileType = sourcecode.c.objc; path = "NSAlert+MKNetworkKitAdditions.m"; sourceTree = "<group>"; };
		84FA325D1A49FD35001E5862 /* NSData+MKBase64.h */ = {isa = PBXFileReference; fileEncoding = 4; lastKnownFileType = sourcecode.c.h; path = "NSData+MKBase64.h"; sourceTree = "<group>"; };
		84FA325E1A49FD35001E5862 /* NSData+MKBase64.m */ = {isa = PBXFileReference; fileEncoding = 4; lastKnownFileType = sourcecode.c.objc; path = "NSData+MKBase64.m"; sourceTree = "<group>"; };
		84FA325F1A49FD35001E5862 /* NSDate+RFC1123.h */ = {isa = PBXFileReference; fileEncoding = 4; lastKnownFileType = sourcecode.c.h; path = "NSDate+RFC1123.h"; sourceTree = "<group>"; };
		84FA32601A49FD35001E5862 /* NSDate+RFC1123.m */ = {isa = PBXFileReference; fileEncoding = 4; lastKnownFileType = sourcecode.c.objc; path = "NSDate+RFC1123.m"; sourceTree = "<group>"; };
		84FA32611A49FD35001E5862 /* NSDictionary+RequestEncoding.h */ = {isa = PBXFileReference; fileEncoding = 4; lastKnownFileType = sourcecode.c.h; path = "NSDictionary+RequestEncoding.h"; sourceTree = "<group>"; };
		84FA32621A49FD35001E5862 /* NSDictionary+RequestEncoding.m */ = {isa = PBXFileReference; fileEncoding = 4; lastKnownFileType = sourcecode.c.objc; path = "NSDictionary+RequestEncoding.m"; sourceTree = "<group>"; };
		84FA32631A49FD35001E5862 /* NSString+MKNetworkKitAdditions.h */ = {isa = PBXFileReference; fileEncoding = 4; lastKnownFileType = sourcecode.c.h; path = "NSString+MKNetworkKitAdditions.h"; sourceTree = "<group>"; };
		84FA32641A49FD35001E5862 /* NSString+MKNetworkKitAdditions.m */ = {isa = PBXFileReference; fileEncoding = 4; lastKnownFileType = sourcecode.c.objc; path = "NSString+MKNetworkKitAdditions.m"; sourceTree = "<group>"; };
		84FA32651A49FD35001E5862 /* UIAlertView+MKNetworkKitAdditions.h */ = {isa = PBXFileReference; fileEncoding = 4; lastKnownFileType = sourcecode.c.h; path = "UIAlertView+MKNetworkKitAdditions.h"; sourceTree = "<group>"; };
		84FA32661A49FD35001E5862 /* UIAlertView+MKNetworkKitAdditions.m */ = {isa = PBXFileReference; fileEncoding = 4; lastKnownFileType = sourcecode.c.objc; path = "UIAlertView+MKNetworkKitAdditions.m"; sourceTree = "<group>"; };
		84FA32671A49FD35001E5862 /* UIImageView+MKNetworkKitAdditions.h */ = {isa = PBXFileReference; fileEncoding = 4; lastKnownFileType = sourcecode.c.h; path = "UIImageView+MKNetworkKitAdditions.h"; sourceTree = "<group>"; };
		84FA32681A49FD35001E5862 /* UIImageView+MKNetworkKitAdditions.m */ = {isa = PBXFileReference; fileEncoding = 4; lastKnownFileType = sourcecode.c.objc; path = "UIImageView+MKNetworkKitAdditions.m"; sourceTree = "<group>"; };
		84FA32691A49FD35001E5862 /* MKNetworkEngine.h */ = {isa = PBXFileReference; fileEncoding = 4; lastKnownFileType = sourcecode.c.h; path = MKNetworkEngine.h; sourceTree = "<group>"; };
		84FA326A1A49FD35001E5862 /* MKNetworkEngine.m */ = {isa = PBXFileReference; fileEncoding = 4; lastKnownFileType = sourcecode.c.objc; path = MKNetworkEngine.m; sourceTree = "<group>"; };
		84FA326B1A49FD35001E5862 /* MKNetworkKit.h */ = {isa = PBXFileReference; fileEncoding = 4; lastKnownFileType = sourcecode.c.h; path = MKNetworkKit.h; sourceTree = "<group>"; };
		84FA326C1A49FD35001E5862 /* MKNetworkOperation.h */ = {isa = PBXFileReference; fileEncoding = 4; lastKnownFileType = sourcecode.c.h; path = MKNetworkOperation.h; sourceTree = "<group>"; };
		84FA326D1A49FD35001E5862 /* MKNetworkOperation.m */ = {isa = PBXFileReference; fileEncoding = 4; lastKnownFileType = sourcecode.c.objc; path = MKNetworkOperation.m; sourceTree = "<group>"; };
		84FA326F1A49FD35001E5862 /* Reachability.h */ = {isa = PBXFileReference; fileEncoding = 4; lastKnownFileType = sourcecode.c.h; path = Reachability.h; sourceTree = "<group>"; };
		84FA32701A49FD35001E5862 /* Reachability.m */ = {isa = PBXFileReference; fileEncoding = 4; lastKnownFileType = sourcecode.c.objc; path = Reachability.m; sourceTree = "<group>"; };
/* End PBXFileReference section */

/* Begin PBXFrameworksBuildPhase section */
		84C22C1A1A413E79007073E8 /* Frameworks */ = {
			isa = PBXFrameworksBuildPhase;
			buildActionMask = 2147483647;
			files = (
				84FA32541A49FB0D001E5862 /* CoreLocation.framework in Frameworks */,
			);
			runOnlyForDeploymentPostprocessing = 0;
		};
		84C22C331A413E79007073E8 /* Frameworks */ = {
			isa = PBXFrameworksBuildPhase;
			buildActionMask = 2147483647;
			files = (
			);
			runOnlyForDeploymentPostprocessing = 0;
		};
/* End PBXFrameworksBuildPhase section */

/* Begin PBXGroup section */
		84C22C141A413E79007073E8 = {
			isa = PBXGroup;
			children = (
				84FA32531A49FB0D001E5862 /* CoreLocation.framework */,
				84C22C4B1A41857E007073E8 /* ReadMe.md */,
				84C22C1F1A413E79007073E8 /* LocationAssignment */,
				84C22C391A413E79007073E8 /* LocationAssignmentTests */,
				84C22C1E1A413E79007073E8 /* Products */,
			);
			sourceTree = "<group>";
		};
		84C22C1E1A413E79007073E8 /* Products */ = {
			isa = PBXGroup;
			children = (
				84C22C1D1A413E79007073E8 /* LocationAssignment.app */,
				84C22C361A413E79007073E8 /* LocationAssignmentTests.xctest */,
			);
			name = Products;
			sourceTree = "<group>";
		};
		84C22C1F1A413E79007073E8 /* LocationAssignment */ = {
			isa = PBXGroup;
			children = (
				84FA32581A49FD35001E5862 /* Externals */,
				84C22C461A417261007073E8 /* CLLocation+Strings.h */,
				84C22C471A417261007073E8 /* CLLocation+Strings.m */,
				84F459FD1A512BC200DEE636 /* Constants.h */,
				84C22C241A413E79007073E8 /* AppDelegate.h */,
				84C22C251A413E79007073E8 /* AppDelegate.m */,
				84C22C271A413E79007073E8 /* ViewController.h */,
				84C22C281A413E79007073E8 /* ViewController.m */,
				84C22C2A1A413E79007073E8 /* Main.storyboard */,
				84C22C2D1A413E79007073E8 /* Images.xcassets */,
				84C22C2F1A413E79007073E8 /* LaunchScreen.xib */,
				84C22C201A413E79007073E8 /* Supporting Files */,
				84FA32501A49F7FB001E5862 /* WebserviceOperation.h */,
				84FA32511A49F7FB001E5862 /* WebserviceOperation.m */,
				84F459FA1A512B4D00DEE636 /* StorageManager.h */,
				84F459FB1A512B4D00DEE636 /* StorageManager.m */,
			);
			path = LocationAssignment;
			sourceTree = "<group>";
		};
		84C22C201A413E79007073E8 /* Supporting Files */ = {
			isa = PBXGroup;
			children = (
				84CA55291A5296630083A4C1 /* licenses */,
				84CA552F1A5296630083A4C1 /* Settings.bundle */,
				84C22C491A4182A6007073E8 /* Localizable.strings */,
				84C22C211A413E79007073E8 /* Info.plist */,
				84C22C221A413E79007073E8 /* main.m */,
				84FA32551A49FBEC001E5862 /* Prefix.pch */,
			);
			name = "Supporting Files";
			sourceTree = "<group>";
		};
		84C22C391A413E79007073E8 /* LocationAssignmentTests */ = {
			isa = PBXGroup;
			children = (
				84C22C3C1A413E79007073E8 /* LocationAssignmentTests.m */,
				84C22C3A1A413E79007073E8 /* Supporting Files */,
			);
			path = LocationAssignmentTests;
			sourceTree = "<group>";
		};
		84C22C3A1A413E79007073E8 /* Supporting Files */ = {
			isa = PBXGroup;
			children = (
				84C22C3B1A413E79007073E8 /* Info.plist */,
			);
			name = "Supporting Files";
			sourceTree = "<group>";
		};
		84CA55291A5296630083A4C1 /* licenses */ = {
			isa = PBXGroup;
			children = (
				84CA552B1A5296630083A4C1 /* cal.license */,
				84CA552C1A5296630083A4C1 /* genLicense.pl */,
			);
			name = licenses;
			path = ../licenses;
			sourceTree = "<group>";
		};
		84FA32581A49FD35001E5862 /* Externals */ = {
			isa = PBXGroup;
			children = (
				84FA32591A49FD35001E5862 /* MKNetworkKit */,
			);
			path = Externals;
			sourceTree = "<group>";
		};
		84FA32591A49FD35001E5862 /* MKNetworkKit */ = {
			isa = PBXGroup;
			children = (
				84FA325A1A49FD35001E5862 /* Categories */,
				84FA32691A49FD35001E5862 /* MKNetworkEngine.h */,
				84FA326A1A49FD35001E5862 /* MKNetworkEngine.m */,
				84FA326B1A49FD35001E5862 /* MKNetworkKit.h */,
				84FA326C1A49FD35001E5862 /* MKNetworkOperation.h */,
				84FA326D1A49FD35001E5862 /* MKNetworkOperation.m */,
				84FA326E1A49FD35001E5862 /* Reachability */,
			);
			path = MKNetworkKit;
			sourceTree = "<group>";
		};
		84FA325A1A49FD35001E5862 /* Categories */ = {
			isa = PBXGroup;
			children = (
				84FA325B1A49FD35001E5862 /* NSAlert+MKNetworkKitAdditions.h */,
				84FA325C1A49FD35001E5862 /* NSAlert+MKNetworkKitAdditions.m */,
				84FA325D1A49FD35001E5862 /* NSData+MKBase64.h */,
				84FA325E1A49FD35001E5862 /* NSData+MKBase64.m */,
				84FA325F1A49FD35001E5862 /* NSDate+RFC1123.h */,
				84FA32601A49FD35001E5862 /* NSDate+RFC1123.m */,
				84FA32611A49FD35001E5862 /* NSDictionary+RequestEncoding.h */,
				84FA32621A49FD35001E5862 /* NSDictionary+RequestEncoding.m */,
				84FA32631A49FD35001E5862 /* NSString+MKNetworkKitAdditions.h */,
				84FA32641A49FD35001E5862 /* NSString+MKNetworkKitAdditions.m */,
				84FA32651A49FD35001E5862 /* UIAlertView+MKNetworkKitAdditions.h */,
				84FA32661A49FD35001E5862 /* UIAlertView+MKNetworkKitAdditions.m */,
				84FA32671A49FD35001E5862 /* UIImageView+MKNetworkKitAdditions.h */,
				84FA32681A49FD35001E5862 /* UIImageView+MKNetworkKitAdditions.m */,
			);
			path = Categories;
			sourceTree = "<group>";
		};
		84FA326E1A49FD35001E5862 /* Reachability */ = {
			isa = PBXGroup;
			children = (
				84FA326F1A49FD35001E5862 /* Reachability.h */,
				84FA32701A49FD35001E5862 /* Reachability.m */,
			);
			path = Reachability;
			sourceTree = "<group>";
		};
/* End PBXGroup section */

/* Begin PBXNativeTarget section */
		84C22C1C1A413E79007073E8 /* LocationAssignment */ = {
			isa = PBXNativeTarget;
			buildConfigurationList = 84C22C401A413E79007073E8 /* Build configuration list for PBXNativeTarget "LocationAssignment" */;
			buildPhases = (
				84C22C191A413E79007073E8 /* Sources */,
				84C22C1A1A413E79007073E8 /* Frameworks */,
				84C22C1B1A413E79007073E8 /* Resources */,
				84CA55361A5299620083A4C1 /* ShellScript */,
			);
			buildRules = (
			);
			dependencies = (
			);
			name = LocationAssignment;
			productName = LocationAssignment;
			productReference = 84C22C1D1A413E79007073E8 /* LocationAssignment.app */;
			productType = "com.apple.product-type.application";
		};
		84C22C351A413E79007073E8 /* LocationAssignmentTests */ = {
			isa = PBXNativeTarget;
			buildConfigurationList = 84C22C431A413E79007073E8 /* Build configuration list for PBXNativeTarget "LocationAssignmentTests" */;
			buildPhases = (
				84C22C321A413E79007073E8 /* Sources */,
				84C22C331A413E79007073E8 /* Frameworks */,
				84C22C341A413E79007073E8 /* Resources */,
			);
			buildRules = (
			);
			dependencies = (
				84C22C381A413E79007073E8 /* PBXTargetDependency */,
			);
			name = LocationAssignmentTests;
			productName = LocationAssignmentTests;
			productReference = 84C22C361A413E79007073E8 /* LocationAssignmentTests.xctest */;
			productType = "com.apple.product-type.bundle.unit-test";
		};
/* End PBXNativeTarget section */

/* Begin PBXProject section */
		84C22C151A413E79007073E8 /* Project object */ = {
			isa = PBXProject;
			attributes = {
				LastUpgradeCheck = 0610;
				ORGANIZATIONNAME = admin;
				TargetAttributes = {
					84C22C1C1A413E79007073E8 = {
						CreatedOnToolsVersion = 6.1;
					};
					84C22C351A413E79007073E8 = {
						CreatedOnToolsVersion = 6.1;
						TestTargetID = 84C22C1C1A413E79007073E8;
					};
				};
			};
			buildConfigurationList = 84C22C181A413E79007073E8 /* Build configuration list for PBXProject "LocationAssignment" */;
			compatibilityVersion = "Xcode 3.2";
			developmentRegion = English;
			hasScannedForEncodings = 0;
			knownRegions = (
				en,
				Base,
			);
			mainGroup = 84C22C141A413E79007073E8;
			productRefGroup = 84C22C1E1A413E79007073E8 /* Products */;
			projectDirPath = "";
			projectRoot = "";
			targets = (
				84C22C1C1A413E79007073E8 /* LocationAssignment */,
				84C22C351A413E79007073E8 /* LocationAssignmentTests */,
			);
		};
/* End PBXProject section */

/* Begin PBXResourcesBuildPhase section */
		84C22C1B1A413E79007073E8 /* Resources */ = {
			isa = PBXResourcesBuildPhase;
			buildActionMask = 2147483647;
			files = (
				84C22C2C1A413E79007073E8 /* Main.storyboard in Resources */,
				84CA55321A5296630083A4C1 /* genLicense.pl in Resources */,
				84CA55351A5296630083A4C1 /* Settings.bundle in Resources */,
				84C22C4A1A4182A6007073E8 /* Localizable.strings in Resources */,
				84CA55311A5296630083A4C1 /* cal.license in Resources */,
				84C22C311A413E79007073E8 /* LaunchScreen.xib in Resources */,
				84C22C2E1A413E79007073E8 /* Images.xcassets in Resources */,
			);
			runOnlyForDeploymentPostprocessing = 0;
		};
		84C22C341A413E79007073E8 /* Resources */ = {
			isa = PBXResourcesBuildPhase;
			buildActionMask = 2147483647;
			files = (
			);
			runOnlyForDeploymentPostprocessing = 0;
		};
/* End PBXResourcesBuildPhase section */

/* Begin PBXShellScriptBuildPhase section */
		84CA55361A5299620083A4C1 /* ShellScript */ = {
			isa = PBXShellScriptBuildPhase;
			buildActionMask = 2147483647;
			files = (
			);
			inputPaths = (
			);
			outputPaths = (
			);
			runOnlyForDeploymentPostprocessing = 0;
			shellPath = /bin/sh;
			shellScript = "cd /Users/admin/Desktop/LocationAssignment/licenses\n./genLicense.pl\n";
		};
/* End PBXShellScriptBuildPhase section */

/* Begin PBXSourcesBuildPhase section */
		84C22C191A413E79007073E8 /* Sources */ = {
			isa = PBXSourcesBuildPhase;
			buildActionMask = 2147483647;
			files = (
				84C22C481A417261007073E8 /* CLLocation+Strings.m in Sources */,
				84FA32781A49FD35001E5862 /* MKNetworkEngine.m in Sources */,
				84FA32791A49FD35001E5862 /* MKNetworkOperation.m in Sources */,
				84FA32521A49F7FB001E5862 /* WebserviceOperation.m in Sources */,
				84FA32721A49FD35001E5862 /* NSData+MKBase64.m in Sources */,
				84FA32731A49FD35001E5862 /* NSDate+RFC1123.m in Sources */,
				84C22C291A413E79007073E8 /* ViewController.m in Sources */,
				84FA32751A49FD35001E5862 /* NSString+MKNetworkKitAdditions.m in Sources */,
				84C22C261A413E79007073E8 /* AppDelegate.m in Sources */,
				84F459FC1A512B4D00DEE636 /* StorageManager.m in Sources */,
				84FA32761A49FD35001E5862 /* UIAlertView+MKNetworkKitAdditions.m in Sources */,
				84C22C231A413E79007073E8 /* main.m in Sources */,
				84FA32771A49FD35001E5862 /* UIImageView+MKNetworkKitAdditions.m in Sources */,
				84C22C4C1A41857E007073E8 /* ReadMe.md in Sources */,
				84FA32741A49FD35001E5862 /* NSDictionary+RequestEncoding.m in Sources */,
				84FA32711A49FD35001E5862 /* NSAlert+MKNetworkKitAdditions.m in Sources */,
				84FA327A1A49FD35001E5862 /* Reachability.m in Sources */,
			);
			runOnlyForDeploymentPostprocessing = 0;
		};
		84C22C321A413E79007073E8 /* Sources */ = {
			isa = PBXSourcesBuildPhase;
			buildActionMask = 2147483647;
			files = (
				84C22C3D1A413E79007073E8 /* LocationAssignmentTests.m in Sources */,
			);
			runOnlyForDeploymentPostprocessing = 0;
		};
/* End PBXSourcesBuildPhase section */

/* Begin PBXTargetDependency section */
		84C22C381A413E79007073E8 /* PBXTargetDependency */ = {
			isa = PBXTargetDependency;
			target = 84C22C1C1A413E79007073E8 /* LocationAssignment */;
			targetProxy = 84C22C371A413E79007073E8 /* PBXContainerItemProxy */;
		};
/* End PBXTargetDependency section */

/* Begin PBXVariantGroup section */
		84C22C2A1A413E79007073E8 /* Main.storyboard */ = {
			isa = PBXVariantGroup;
			children = (
				84C22C2B1A413E79007073E8 /* Base */,
			);
			name = Main.storyboard;
			sourceTree = "<group>";
		};
		84C22C2F1A413E79007073E8 /* LaunchScreen.xib */ = {
			isa = PBXVariantGroup;
			children = (
				84C22C301A413E79007073E8 /* Base */,
			);
			name = LaunchScreen.xib;
			sourceTree = "<group>";
		};
/* End PBXVariantGroup section */

/* Begin XCBuildConfiguration section */
		84C22C3E1A413E79007073E8 /* Debug */ = {
			isa = XCBuildConfiguration;
			buildSettings = {
				ALWAYS_SEARCH_USER_PATHS = NO;
				CLANG_CXX_LANGUAGE_STANDARD = "gnu++0x";
				CLANG_CXX_LIBRARY = "libc++";
				CLANG_ENABLE_MODULES = YES;
				CLANG_ENABLE_OBJC_ARC = YES;
				CLANG_WARN_BOOL_CONVERSION = YES;
				CLANG_WARN_CONSTANT_CONVERSION = YES;
				CLANG_WARN_DIRECT_OBJC_ISA_USAGE = YES_ERROR;
				CLANG_WARN_EMPTY_BODY = YES;
				CLANG_WARN_ENUM_CONVERSION = YES;
				CLANG_WARN_INT_CONVERSION = YES;
				CLANG_WARN_OBJC_ROOT_CLASS = YES_ERROR;
				CLANG_WARN_UNREACHABLE_CODE = YES;
				CLANG_WARN__DUPLICATE_METHOD_MATCH = YES;
				"CODE_SIGN_IDENTITY[sdk=iphoneos*]" = "iPhone Developer";
				COPY_PHASE_STRIP = NO;
				ENABLE_STRICT_OBJC_MSGSEND = YES;
				GCC_C_LANGUAGE_STANDARD = gnu99;
				GCC_DYNAMIC_NO_PIC = NO;
				GCC_OPTIMIZATION_LEVEL = 0;
				GCC_PREPROCESSOR_DEFINITIONS = (
					"DEBUG=1",
					"$(inherited)",
				);
				GCC_SYMBOLS_PRIVATE_EXTERN = NO;
				GCC_WARN_64_TO_32_BIT_CONVERSION = YES;
				GCC_WARN_ABOUT_RETURN_TYPE = YES_ERROR;
				GCC_WARN_UNDECLARED_SELECTOR = YES;
				GCC_WARN_UNINITIALIZED_AUTOS = YES_AGGRESSIVE;
				GCC_WARN_UNUSED_FUNCTION = YES;
				GCC_WARN_UNUSED_VARIABLE = YES;
				IPHONEOS_DEPLOYMENT_TARGET = 8.1;
				MTL_ENABLE_DEBUG_INFO = YES;
				ONLY_ACTIVE_ARCH = YES;
				SDKROOT = iphoneos;
			};
			name = Debug;
		};
		84C22C3F1A413E79007073E8 /* Release */ = {
			isa = XCBuildConfiguration;
			buildSettings = {
				ALWAYS_SEARCH_USER_PATHS = NO;
				CLANG_CXX_LANGUAGE_STANDARD = "gnu++0x";
				CLANG_CXX_LIBRARY = "libc++";
				CLANG_ENABLE_MODULES = YES;
				CLANG_ENABLE_OBJC_ARC = YES;
				CLANG_WARN_BOOL_CONVERSION = YES;
				CLANG_WARN_CONSTANT_CONVERSION = YES;
				CLANG_WARN_DIRECT_OBJC_ISA_USAGE = YES_ERROR;
				CLANG_WARN_EMPTY_BODY = YES;
				CLANG_WARN_ENUM_CONVERSION = YES;
				CLANG_WARN_INT_CONVERSION = YES;
				CLANG_WARN_OBJC_ROOT_CLASS = YES_ERROR;
				CLANG_WARN_UNREACHABLE_CODE = YES;
				CLANG_WARN__DUPLICATE_METHOD_MATCH = YES;
				"CODE_SIGN_IDENTITY[sdk=iphoneos*]" = "iPhone Developer";
				COPY_PHASE_STRIP = YES;
				ENABLE_NS_ASSERTIONS = NO;
				ENABLE_STRICT_OBJC_MSGSEND = YES;
				GCC_C_LANGUAGE_STANDARD = gnu99;
				GCC_WARN_64_TO_32_BIT_CONVERSION = YES;
				GCC_WARN_ABOUT_RETURN_TYPE = YES_ERROR;
				GCC_WARN_UNDECLARED_SELECTOR = YES;
				GCC_WARN_UNINITIALIZED_AUTOS = YES_AGGRESSIVE;
				GCC_WARN_UNUSED_FUNCTION = YES;
				GCC_WARN_UNUSED_VARIABLE = YES;
				IPHONEOS_DEPLOYMENT_TARGET = 8.1;
				MTL_ENABLE_DEBUG_INFO = NO;
				SDKROOT = iphoneos;
				VALIDATE_PRODUCT = YES;
			};
			name = Release;
		};
		84C22C411A413E79007073E8 /* Debug */ = {
			isa = XCBuildConfiguration;
			buildSettings = {
				ASSETCATALOG_COMPILER_APPICON_NAME = AppIcon;
				GCC_PREFIX_HEADER = LocationAssignment/Prefix.pch;
				INFOPLIST_FILE = LocationAssignment/Info.plist;
				LD_RUNPATH_SEARCH_PATHS = "$(inherited) @executable_path/Frameworks";
				PRODUCT_NAME = "$(TARGET_NAME)";
			};
			name = Debug;
		};
		84C22C421A413E79007073E8 /* Release */ = {
			isa = XCBuildConfiguration;
			buildSettings = {
				ASSETCATALOG_COMPILER_APPICON_NAME = AppIcon;
				GCC_PREFIX_HEADER = LocationAssignment/Prefix.pch;
				INFOPLIST_FILE = LocationAssignment/Info.plist;
				LD_RUNPATH_SEARCH_PATHS = "$(inherited) @executable_path/Frameworks";
				PRODUCT_NAME = "$(TARGET_NAME)";
			};
			name = Release;
		};
		84C22C441A413E79007073E8 /* Debug */ = {
			isa = XCBuildConfiguration;
			buildSettings = {
				BUNDLE_LOADER = "$(TEST_HOST)";
				FRAMEWORK_SEARCH_PATHS = (
					"$(SDKROOT)/Developer/Library/Frameworks",
					"$(inherited)",
				);
				GCC_PREPROCESSOR_DEFINITIONS = (
					"DEBUG=1",
					"$(inherited)",
				);
				INFOPLIST_FILE = LocationAssignmentTests/Info.plist;
				LD_RUNPATH_SEARCH_PATHS = "$(inherited) @executable_path/Frameworks @loader_path/Frameworks";
				PRODUCT_NAME = "$(TARGET_NAME)";
				TEST_HOST = "$(BUILT_PRODUCTS_DIR)/LocationAssignment.app/LocationAssignment";
			};
			name = Debug;
		};
		84C22C451A413E79007073E8 /* Release */ = {
			isa = XCBuildConfiguration;
			buildSettings = {
				BUNDLE_LOADER = "$(TEST_HOST)";
				FRAMEWORK_SEARCH_PATHS = (
					"$(SDKROOT)/Developer/Library/Frameworks",
					"$(inherited)",
				);
				INFOPLIST_FILE = LocationAssignmentTests/Info.plist;
				LD_RUNPATH_SEARCH_PATHS = "$(inherited) @executable_path/Frameworks @loader_path/Frameworks";
				PRODUCT_NAME = "$(TARGET_NAME)";
				TEST_HOST = "$(BUILT_PRODUCTS_DIR)/LocationAssignment.app/LocationAssignment";
			};
			name = Release;
		};
/* End XCBuildConfiguration section */

/* Begin XCConfigurationList section */
		84C22C181A413E79007073E8 /* Build configuration list for PBXProject "LocationAssignment" */ = {
			isa = XCConfigurationList;
			buildConfigurations = (
				84C22C3E1A413E79007073E8 /* Debug */,
				84C22C3F1A413E79007073E8 /* Release */,
			);
			defaultConfigurationIsVisible = 0;
			defaultConfigurationName = Release;
		};
		84C22C401A413E79007073E8 /* Build configuration list for PBXNativeTarget "LocationAssignment" */ = {
			isa = XCConfigurationList;
			buildConfigurations = (
				84C22C411A413E79007073E8 /* Debug */,
				84C22C421A413E79007073E8 /* Release */,
			);
			defaultConfigurationIsVisible = 0;
			defaultConfigurationName = Release;
		};
		84C22C431A413E79007073E8 /* Build configuration list for PBXNativeTarget "LocationAssignmentTests" */ = {
			isa = XCConfigurationList;
			buildConfigurations = (
				84C22C441A413E79007073E8 /* Debug */,
				84C22C451A413E79007073E8 /* Release */,
			);
			defaultConfigurationIsVisible = 0;
			defaultConfigurationName = Release;
		};
/* End XCConfigurationList section */
	};
	rootObject = 84C22C151A413E79007073E8 /* Project object */;
}
